
Microsoft Visual Studio Solution File, Format Version 12.00
# Visual Studio 15
VisualStudioVersion = 15.0.27004.2002
MinimumVisualStudioVersion = 10.0.40219.1
Project("{FAE04EC0-301F-11D3-BF4B-00C04F79EFBC}") = "Dialog_Generator", "Dialog_Generator.csproj", "{AF627E39-2E8C-41FD-90EB-DEEEBA9F5028}"
EndProject
Project("{FAE04EC0-301F-11D3-BF4B-00C04F79EFBC}") = "TestProject1", "UnitTestDemo\TestProject1.csproj", "{AA4C86A4-CF0B-4439-8AAC-8D4E13DB1808}"
EndProject
Global
	GlobalSection(SolutionConfigurationPlatforms) = preSolution
		Debug|Any CPU = Debug|Any CPU
		Debug|x86 = Debug|x86
		Release|Any CPU = Release|Any CPU
		Release|x86 = Release|x86
	EndGlobalSection
	GlobalSection(ProjectConfigurationPlatforms) = postSolution
		{AF627E39-2E8C-41FD-90EB-DEEEBA9F5028}.Debug|Any CPU.ActiveCfg = Debug|x86
		{AF627E39-2E8C-41FD-90EB-DEEEBA9F5028}.Debug|Any CPU.Build.0 = Debug|x86
		{AF627E39-2E8C-41FD-90EB-DEEEBA9F5028}.Debug|x86.ActiveCfg = Debug|x86
		{AF627E39-2E8C-41FD-90EB-DEEEBA9F5028}.Debug|x86.Build.0 = Debug|x86
		{AF627E39-2E8C-41FD-90EB-DEEEBA9F5028}.Release|Any CPU.ActiveCfg = Release|x86
		{AF627E39-2E8C-41FD-90EB-DEEEBA9F5028}.Release|x86.ActiveCfg = Release|x86
		{AF627E39-2E8C-41FD-90EB-DEEEBA9F5028}.Release|x86.Build.0 = Release|x86
		{AA4C86A4-CF0B-4439-8AAC-8D4E13DB1808}.Debug|Any CPU.ActiveCfg = Debug|Any CPU
		{AA4C86A4-CF0B-4439-8AAC-8D4E13DB1808}.Debug|Any CPU.Build.0 = Debug|Any CPU
		{AA4C86A4-CF0B-4439-8AAC-8D4E13DB1808}.Debug|x86.ActiveCfg = Debug|Any CPU
		{AA4C86A4-CF0B-4439-8AAC-8D4E13DB1808}.Debug|x86.Build.0 = Debug|Any CPU
		{AA4C86A4-CF0B-4439-8AAC-8D4E13DB1808}.Release|Any CPU.ActiveCfg = Release|Any CPU
		{AA4C86A4-CF0B-4439-8AAC-8D4E13DB1808}.Release|Any CPU.Build.0 = Release|Any CPU
		{AA4C86A4-CF0B-4439-8AAC-8D4E13DB1808}.Release|x86.ActiveCfg = Release|Any CPU
		{AA4C86A4-CF0B-4439-8AAC-8D4E13DB1808}.Release|x86.Build.0 = Release|Any CPU
	EndGlobalSection
	GlobalSection(SolutionProperties) = preSolution
		HideSolutionNode = FALSE
	EndGlobalSection
	GlobalSection(ExtensibilityGlobals) = postSolution
		SolutionGuid = {59890F4A-4B54-4380-8E74-A3E1E00167D5}
	EndGlobalSection
EndGlobal
